{
  "name": "introducing-gauge",
  "version": "0.3.0",
  "lockfileVersion": 1,
  "requires": true,
  "dependencies": {
    "talk-o-vision": {
      "version": "github:thirstyhead/talk-o-vision#d3b0ea7a65beedb8939e56726a9ce2de4fb38e8a",
      "from": "github:thirstyhead/talk-o-vision",
      "dev": true
    }
  }
}
