{
  "name": "gauge-intro",
  "version": "0.1.0",
  "lockfileVersion": 1,
  "requires": true,
  "dependencies": {
    "talk-o-vision": {
      "version": "github:thirstyhead/talk-o-vision#38343b6d58ef2dbf94321c98cd079ca0a8a8bef5",
      "from": "github:thirstyhead/talk-o-vision",
      "dev": true
    }
  }
}
